# This file is automatically @generated by Cargo.
# It is not intended for manual editing.
[[package]]
name = "one"
version = "0.1.0"
dependencies = [
 "plus 0.1.0 (git+https://github.com/imran82ali/plus)",
]

[[package]]
name = "plus"
version = "0.1.0"
source = "git+https://github.com/imran82ali/plus#3fefb0603890801a42eda83330ffa439b825fb0f"

[metadata]
"checksum plus 0.1.0 (git+https://github.com/imran82ali/plus)" = "<none>"
